// !$*UTF8*$!
{
	archiveVersion = 1;
	classes = {
	};
	objectVersion = 56;
	objects = {

/* Begin PBXBuildFile section */
		47B417352BF73CAB00F449A7 /* AppDelegate.swift in Sources */ = {isa = PBXBuildFile; fileRef = 47B417342BF73CAB00F449A7 /* AppDelegate.swift */; };
		47B4173E2BF73CAC00F449A7 /* Assets.xcassets in Resources */ = {isa = PBXBuildFile; fileRef = 47B4173D2BF73CAC00F449A7 /* Assets.xcassets */; };
		47B417412BF73CAC00F449A7 /* LaunchScreen.storyboard in Resources */ = {isa = PBXBuildFile; fileRef = 47B4173F2BF73CAC00F449A7 /* LaunchScreen.storyboard */; };
		47B4174B2BF741F400F449A7 /* SceneDelegate.swift in Sources */ = {isa = PBXBuildFile; fileRef = 47B417482BF741F400F449A7 /* SceneDelegate.swift */; };
		47B4174C2BF741F400F449A7 /* ViewController.swift in Sources */ = {isa = PBXBuildFile; fileRef = 47B417492BF741F400F449A7 /* ViewController.swift */; };
		47B4174D2BF741F400F449A7 /* ContentView.swift in Sources */ = {isa = PBXBuildFile; fileRef = 47B4174A2BF741F400F449A7 /* ContentView.swift */; };
		47B4177A2BF742A000F449A7 /* Images.xcassets in Resources */ = {isa = PBXBuildFile; fileRef = 47B417532BF742A000F449A7 /* Images.xcassets */; };
		47B4177C2BF742A000F449A7 /* Colors.xcassets in Resources */ = {isa = PBXBuildFile; fileRef = 47B417562BF742A000F449A7 /* Colors.xcassets */; };
		47B417982BF742A000F449A7 /* Localizable.strings in Resources */ = {isa = PBXBuildFile; fileRef = 47B417792BF742A000F449A7 /* Localizable.strings */; };
		47B417F32BF745EF00F449A7 /* swiftgen.yml in Resources */ = {isa = PBXBuildFile; fileRef = 47B417F22BF745EF00F449A7 /* swiftgen.yml */; };
		47B417F62BF753F600F449A7 /* Lab Sans Pro-Thin.otf in Resources */ = {isa = PBXBuildFile; fileRef = 47B417F52BF753F600F449A7 /* Lab Sans Pro-Thin.otf */; };
		47B418022BF7544900F449A7 /* KulimPark-ExtraLightItalic.ttf in Resources */ = {isa = PBXBuildFile; fileRef = 47B417F72BF7544900F449A7 /* KulimPark-ExtraLightItalic.ttf */; };
		47B418032BF7544900F449A7 /* KulimPark-BoldItalic.ttf in Resources */ = {isa = PBXBuildFile; fileRef = 47B417F82BF7544900F449A7 /* KulimPark-BoldItalic.ttf */; };
		47B418042BF7544900F449A7 /* KulimPark-Bold.ttf in Resources */ = {isa = PBXBuildFile; fileRef = 47B417F92BF7544900F449A7 /* KulimPark-Bold.ttf */; };
		47B418052BF7544900F449A7 /* KulimPark-Italic.ttf in Resources */ = {isa = PBXBuildFile; fileRef = 47B417FA2BF7544900F449A7 /* KulimPark-Italic.ttf */; };
		47B418062BF7544900F449A7 /* OFL.txt in Resources */ = {isa = PBXBuildFile; fileRef = 47B417FB2BF7544900F449A7 /* OFL.txt */; };
		47B418072BF7544900F449A7 /* KulimPark-ExtraLight.ttf in Resources */ = {isa = PBXBuildFile; fileRef = 47B417FC2BF7544900F449A7 /* KulimPark-ExtraLight.ttf */; };
		47B418082BF7544900F449A7 /* KulimPark-LightItalic.ttf in Resources */ = {isa = PBXBuildFile; fileRef = 47B417FD2BF7544900F449A7 /* KulimPark-LightItalic.ttf */; };
		47B418092BF7544900F449A7 /* KulimPark-Light.ttf in Resources */ = {isa = PBXBuildFile; fileRef = 47B417FE2BF7544900F449A7 /* KulimPark-Light.ttf */; };
		47B4180A2BF7544900F449A7 /* KulimPark-Regular.ttf in Resources */ = {isa = PBXBuildFile; fileRef = 47B417FF2BF7544900F449A7 /* KulimPark-Regular.ttf */; };
		47B4180B2BF7544900F449A7 /* KulimPark-SemiBoldItalic.ttf in Resources */ = {isa = PBXBuildFile; fileRef = 47B418002BF7544900F449A7 /* KulimPark-SemiBoldItalic.ttf */; };
		47B4180C2BF7544900F449A7 /* KulimPark-SemiBold.ttf in Resources */ = {isa = PBXBuildFile; fileRef = 47B418012BF7544900F449A7 /* KulimPark-SemiBold.ttf */; };
		47B418102BF7653A00F449A7 /* PreloaderView.swift in Sources */ = {isa = PBXBuildFile; fileRef = 47B4180F2BF7653A00F449A7 /* PreloaderView.swift */; };
		47B418122BF7656D00F449A7 /* PreloaderViewModel.swift in Sources */ = {isa = PBXBuildFile; fileRef = 47B418112BF7656D00F449A7 /* PreloaderViewModel.swift */; };
		47B418152BF767C000F449A7 /* BackgroundGradientView.swift in Sources */ = {isa = PBXBuildFile; fileRef = 47B418142BF767C000F449A7 /* BackgroundGradientView.swift */; };
		47B418172BF76FDA00F449A7 /* Fonts.generated.swift in Sources */ = {isa = PBXBuildFile; fileRef = 47B418162BF76FDA00F449A7 /* Fonts.generated.swift */; };
		47B418192BF76FE500F449A7 /* Images.generated.swift in Sources */ = {isa = PBXBuildFile; fileRef = 47B418182BF76FE500F449A7 /* Images.generated.swift */; };
		47B4181B2BF76FF100F449A7 /* Colors.generated.swift in Sources */ = {isa = PBXBuildFile; fileRef = 47B4181A2BF76FF100F449A7 /* Colors.generated.swift */; };
		47B4181D2BF76FFB00F449A7 /* Strings.generated.swift in Sources */ = {isa = PBXBuildFile; fileRef = 47B4181C2BF76FFB00F449A7 /* Strings.generated.swift */; };
		47B418222BF771BA00F449A7 /* LoaderView.swift in Sources */ = {isa = PBXBuildFile; fileRef = 47B418212BF771BA00F449A7 /* LoaderView.swift */; };
		47B418242BF77ABC00F449A7 /* ContentViewModel.swift in Sources */ = {isa = PBXBuildFile; fileRef = 47B418232BF77ABC00F449A7 /* ContentViewModel.swift */; };
/* End PBXBuildFile section */

/* Begin PBXFileReference section */
		47B417312BF73CAB00F449A7 /* TesemillerX.app */ = {isa = PBXFileReference; explicitFileType = wrapper.application; includeInIndex = 0; path = TesemillerX.app; sourceTree = BUILT_PRODUCTS_DIR; };
		47B417342BF73CAB00F449A7 /* AppDelegate.swift */ = {isa = PBXFileReference; lastKnownFileType = sourcecode.swift; path = AppDelegate.swift; sourceTree = "<group>"; };
		47B4173D2BF73CAC00F449A7 /* Assets.xcassets */ = {isa = PBXFileReference; lastKnownFileType = folder.assetcatalog; path = Assets.xcassets; sourceTree = "<group>"; };
		47B417402BF73CAC00F449A7 /* Base */ = {isa = PBXFileReference; lastKnownFileType = file.storyboard; name = Base; path = Base.lproj/LaunchScreen.storyboard; sourceTree = "<group>"; };
		47B417422BF73CAC00F449A7 /* Info.plist */ = {isa = PBXFileReference; lastKnownFileType = text.plist.xml; path = Info.plist; sourceTree = "<group>"; };
		47B417482BF741F400F449A7 /* SceneDelegate.swift */ = {isa = PBXFileReference; fileEncoding = 4; lastKnownFileType = sourcecode.swift; path = SceneDelegate.swift; sourceTree = "<group>"; };
		47B417492BF741F400F449A7 /* ViewController.swift */ = {isa = PBXFileReference; fileEncoding = 4; lastKnownFileType = sourcecode.swift; path = ViewController.swift; sourceTree = "<group>"; };
		47B4174A2BF741F400F449A7 /* ContentView.swift */ = {isa = PBXFileReference; fileEncoding = 4; lastKnownFileType = sourcecode.swift; path = ContentView.swift; sourceTree = "<group>"; };
		47B417532BF742A000F449A7 /* Images.xcassets */ = {isa = PBXFileReference; lastKnownFileType = folder.assetcatalog; path = Images.xcassets; sourceTree = "<group>"; };
		47B417562BF742A000F449A7 /* Colors.xcassets */ = {isa = PBXFileReference; lastKnownFileType = folder.assetcatalog; path = Colors.xcassets; sourceTree = "<group>"; };
		47B417792BF742A000F449A7 /* Localizable.strings */ = {isa = PBXFileReference; fileEncoding = 4; lastKnownFileType = text.plist.strings; path = Localizable.strings; sourceTree = "<group>"; };
		47B417F22BF745EF00F449A7 /* swiftgen.yml */ = {isa = PBXFileReference; lastKnownFileType = text.yaml; path = swiftgen.yml; sourceTree = "<group>"; };
		47B417F52BF753F600F449A7 /* Lab Sans Pro-Thin.otf */ = {isa = PBXFileReference; lastKnownFileType = file; path = "Lab Sans Pro-Thin.otf"; sourceTree = "<group>"; };
		47B417F72BF7544900F449A7 /* KulimPark-ExtraLightItalic.ttf */ = {isa = PBXFileReference; lastKnownFileType = file; path = "KulimPark-ExtraLightItalic.ttf"; sourceTree = "<group>"; };
		47B417F82BF7544900F449A7 /* KulimPark-BoldItalic.ttf */ = {isa = PBXFileReference; lastKnownFileType = file; path = "KulimPark-BoldItalic.ttf"; sourceTree = "<group>"; };
		47B417F92BF7544900F449A7 /* KulimPark-Bold.ttf */ = {isa = PBXFileReference; lastKnownFileType = file; path = "KulimPark-Bold.ttf"; sourceTree = "<group>"; };
		47B417FA2BF7544900F449A7 /* KulimPark-Italic.ttf */ = {isa = PBXFileReference; lastKnownFileType = file; path = "KulimPark-Italic.ttf"; sourceTree = "<group>"; };
		47B417FB2BF7544900F449A7 /* OFL.txt */ = {isa = PBXFileReference; fileEncoding = 4; lastKnownFileType = text; path = OFL.txt; sourceTree = "<group>"; };
		47B417FC2BF7544900F449A7 /* KulimPark-ExtraLight.ttf */ = {isa = PBXFileReference; lastKnownFileType = file; path = "KulimPark-ExtraLight.ttf"; sourceTree = "<group>"; };
		47B417FD2BF7544900F449A7 /* KulimPark-LightItalic.ttf */ = {isa = PBXFileReference; lastKnownFileType = file; path = "KulimPark-LightItalic.ttf"; sourceTree = "<group>"; };
		47B417FE2BF7544900F449A7 /* KulimPark-Light.ttf */ = {isa = PBXFileReference; lastKnownFileType = file; path = "KulimPark-Light.ttf"; sourceTree = "<group>"; };
		47B417FF2BF7544900F449A7 /* KulimPark-Regular.ttf */ = {isa = PBXFileReference; lastKnownFileType = file; path = "KulimPark-Regular.ttf"; sourceTree = "<group>"; };
		47B418002BF7544900F449A7 /* KulimPark-SemiBoldItalic.ttf */ = {isa = PBXFileReference; lastKnownFileType = file; path = "KulimPark-SemiBoldItalic.ttf"; sourceTree = "<group>"; };
		47B418012BF7544900F449A7 /* KulimPark-SemiBold.ttf */ = {isa = PBXFileReference; lastKnownFileType = file; path = "KulimPark-SemiBold.ttf"; sourceTree = "<group>"; };
		47B4180F2BF7653A00F449A7 /* PreloaderView.swift */ = {isa = PBXFileReference; lastKnownFileType = sourcecode.swift; path = PreloaderView.swift; sourceTree = "<group>"; };
		47B418112BF7656D00F449A7 /* PreloaderViewModel.swift */ = {isa = PBXFileReference; lastKnownFileType = sourcecode.swift; path = PreloaderViewModel.swift; sourceTree = "<group>"; };
		47B418142BF767C000F449A7 /* BackgroundGradientView.swift */ = {isa = PBXFileReference; lastKnownFileType = sourcecode.swift; path = BackgroundGradientView.swift; sourceTree = "<group>"; };
		47B418162BF76FDA00F449A7 /* Fonts.generated.swift */ = {isa = PBXFileReference; fileEncoding = 4; lastKnownFileType = sourcecode.swift; path = Fonts.generated.swift; sourceTree = "<group>"; };
		47B418182BF76FE500F449A7 /* Images.generated.swift */ = {isa = PBXFileReference; fileEncoding = 4; lastKnownFileType = sourcecode.swift; path = Images.generated.swift; sourceTree = "<group>"; };
		47B4181A2BF76FF100F449A7 /* Colors.generated.swift */ = {isa = PBXFileReference; fileEncoding = 4; lastKnownFileType = sourcecode.swift; path = Colors.generated.swift; sourceTree = "<group>"; };
		47B4181C2BF76FFB00F449A7 /* Strings.generated.swift */ = {isa = PBXFileReference; fileEncoding = 4; lastKnownFileType = sourcecode.swift; path = Strings.generated.swift; sourceTree = "<group>"; };
		47B418212BF771BA00F449A7 /* LoaderView.swift */ = {isa = PBXFileReference; lastKnownFileType = sourcecode.swift; path = LoaderView.swift; sourceTree = "<group>"; };
		47B418232BF77ABC00F449A7 /* ContentViewModel.swift */ = {isa = PBXFileReference; lastKnownFileType = sourcecode.swift; path = ContentViewModel.swift; sourceTree = "<group>"; };
/* End PBXFileReference section */

/* Begin PBXFrameworksBuildPhase section */
		47B4172E2BF73CAB00F449A7 /* Frameworks */ = {
			isa = PBXFrameworksBuildPhase;
			buildActionMask = 2147483647;
			files = (
			);
			runOnlyForDeploymentPostprocessing = 0;
		};
/* End PBXFrameworksBuildPhase section */

/* Begin PBXGroup section */
		47B417282BF73CAB00F449A7 = {
			isa = PBXGroup;
			children = (
				47B417F22BF745EF00F449A7 /* swiftgen.yml */,
				47B417332BF73CAB00F449A7 /* TesemillerX */,
				47B417322BF73CAB00F449A7 /* Products */,
			);
			sourceTree = "<group>";
		};
		47B417322BF73CAB00F449A7 /* Products */ = {
			isa = PBXGroup;
			children = (
				47B417312BF73CAB00F449A7 /* TesemillerX.app */,
			);
			name = Products;
			sourceTree = "<group>";
		};
		47B417332BF73CAB00F449A7 /* TesemillerX */ = {
			isa = PBXGroup;
			children = (
				47B4174E2BF7424500F449A7 /* App */,
				47B418132BF7679C00F449A7 /* Views */,
				47B4180D2BF7650400F449A7 /* Units */,
				47B417512BF742A000F449A7 /* Resources */,
				47B4173D2BF73CAC00F449A7 /* Assets.xcassets */,
				47B4173F2BF73CAC00F449A7 /* LaunchScreen.storyboard */,
				47B417422BF73CAC00F449A7 /* Info.plist */,
			);
			path = TesemillerX;
			sourceTree = "<group>";
		};
		47B4174E2BF7424500F449A7 /* App */ = {
			isa = PBXGroup;
			children = (
				47B417342BF73CAB00F449A7 /* AppDelegate.swift */,
				47B417482BF741F400F449A7 /* SceneDelegate.swift */,
				47B417492BF741F400F449A7 /* ViewController.swift */,
				47B4174A2BF741F400F449A7 /* ContentView.swift */,
				47B418232BF77ABC00F449A7 /* ContentViewModel.swift */,
			);
			path = App;
			sourceTree = "<group>";
		};
		47B417512BF742A000F449A7 /* Resources */ = {
			isa = PBXGroup;
			children = (
				47B417F42BF750F100F449A7 /* Fonts */,
				47B417522BF742A000F449A7 /* Images */,
				47B417552BF742A000F449A7 /* Colors */,
				47B417772BF742A000F449A7 /* Localization */,
			);
			path = Resources;
			sourceTree = "<group>";
		};
		47B417522BF742A000F449A7 /* Images */ = {
			isa = PBXGroup;
			children = (
				47B418182BF76FE500F449A7 /* Images.generated.swift */,
				47B417532BF742A000F449A7 /* Images.xcassets */,
			);
			path = Images;
			sourceTree = "<group>";
		};
		47B417552BF742A000F449A7 /* Colors */ = {
			isa = PBXGroup;
			children = (
				47B4181A2BF76FF100F449A7 /* Colors.generated.swift */,
				47B417562BF742A000F449A7 /* Colors.xcassets */,
			);
			path = Colors;
			sourceTree = "<group>";
		};
		47B417772BF742A000F449A7 /* Localization */ = {
			isa = PBXGroup;
			children = (
				47B4181C2BF76FFB00F449A7 /* Strings.generated.swift */,
				47B417792BF742A000F449A7 /* Localizable.strings */,
			);
			path = Localization;
			sourceTree = "<group>";
		};
		47B417F42BF750F100F449A7 /* Fonts */ = {
			isa = PBXGroup;
			children = (
				47B418162BF76FDA00F449A7 /* Fonts.generated.swift */,
				47B417F92BF7544900F449A7 /* KulimPark-Bold.ttf */,
				47B417F82BF7544900F449A7 /* KulimPark-BoldItalic.ttf */,
				47B417FC2BF7544900F449A7 /* KulimPark-ExtraLight.ttf */,
				47B417F72BF7544900F449A7 /* KulimPark-ExtraLightItalic.ttf */,
				47B417FA2BF7544900F449A7 /* KulimPark-Italic.ttf */,
				47B417FE2BF7544900F449A7 /* KulimPark-Light.ttf */,
				47B417FD2BF7544900F449A7 /* KulimPark-LightItalic.ttf */,
				47B417FF2BF7544900F449A7 /* KulimPark-Regular.ttf */,
				47B418012BF7544900F449A7 /* KulimPark-SemiBold.ttf */,
				47B418002BF7544900F449A7 /* KulimPark-SemiBoldItalic.ttf */,
				47B417FB2BF7544900F449A7 /* OFL.txt */,
				47B417F52BF753F600F449A7 /* Lab Sans Pro-Thin.otf */,
			);
			path = Fonts;
			sourceTree = "<group>";
		};
		47B4180D2BF7650400F449A7 /* Units */ = {
			isa = PBXGroup;
			children = (
				47B4180E2BF7651700F449A7 /* Preloader */,
			);
			path = Units;
			sourceTree = "<group>";
		};
		47B4180E2BF7651700F449A7 /* Preloader */ = {
			isa = PBXGroup;
			children = (
				47B4180F2BF7653A00F449A7 /* PreloaderView.swift */,
				47B418112BF7656D00F449A7 /* PreloaderViewModel.swift */,
			);
			path = Preloader;
			sourceTree = "<group>";
		};
		47B418132BF7679C00F449A7 /* Views */ = {
			isa = PBXGroup;
			children = (
				47B418202BF771A500F449A7 /* Loader */,
				47B4181F2BF771A000F449A7 /* BackgroundGradient */,
			);
			path = Views;
			sourceTree = "<group>";
		};
		47B4181F2BF771A000F449A7 /* BackgroundGradient */ = {
			isa = PBXGroup;
			children = (
				47B418142BF767C000F449A7 /* BackgroundGradientView.swift */,
			);
			path = BackgroundGradient;
			sourceTree = "<group>";
		};
		47B418202BF771A500F449A7 /* Loader */ = {
			isa = PBXGroup;
			children = (
				47B418212BF771BA00F449A7 /* LoaderView.swift */,
			);
			path = Loader;
			sourceTree = "<group>";
		};
/* End PBXGroup section */

/* Begin PBXNativeTarget section */
		47B417302BF73CAB00F449A7 /* TesemillerX */ = {
			isa = PBXNativeTarget;
			buildConfigurationList = 47B417452BF73CAC00F449A7 /* Build configuration list for PBXNativeTarget "TesemillerX" */;
			buildPhases = (
				47B4172D2BF73CAB00F449A7 /* Sources */,
				47B4172E2BF73CAB00F449A7 /* Frameworks */,
				47B4172F2BF73CAB00F449A7 /* Resources */,
				47B417F12BF7455C00F449A7 /* SwiftGen */,
			);
			buildRules = (
			);
			dependencies = (
			);
			name = TesemillerX;
			productName = TesemillerX;
			productReference = 47B417312BF73CAB00F449A7 /* TesemillerX.app */;
			productType = "com.apple.product-type.application";
		};
/* End PBXNativeTarget section */

/* Begin PBXProject section */
		47B417292BF73CAB00F449A7 /* Project object */ = {
			isa = PBXProject;
			attributes = {
				BuildIndependentTargetsInParallel = 1;
				LastSwiftUpdateCheck = 1520;
				LastUpgradeCheck = 1520;
				TargetAttributes = {
					47B417302BF73CAB00F449A7 = {
						CreatedOnToolsVersion = 15.2;
					};
				};
			};
			buildConfigurationList = 47B4172C2BF73CAB00F449A7 /* Build configuration list for PBXProject "TesemillerX" */;
			compatibilityVersion = "Xcode 14.0";
			developmentRegion = en;
			hasScannedForEncodings = 0;
			knownRegions = (
				en,
				Base,
			);
			mainGroup = 47B417282BF73CAB00F449A7;
			productRefGroup = 47B417322BF73CAB00F449A7 /* Products */;
			projectDirPath = "";
			projectRoot = "";
			targets = (
				47B417302BF73CAB00F449A7 /* TesemillerX */,
			);
		};
/* End PBXProject section */

/* Begin PBXResourcesBuildPhase section */
		47B4172F2BF73CAB00F449A7 /* Resources */ = {
			isa = PBXResourcesBuildPhase;
			buildActionMask = 2147483647;
			files = (
				47B4180A2BF7544900F449A7 /* KulimPark-Regular.ttf in Resources */,
				47B418092BF7544900F449A7 /* KulimPark-Light.ttf in Resources */,
				47B418042BF7544900F449A7 /* KulimPark-Bold.ttf in Resources */,
				47B417F62BF753F600F449A7 /* Lab Sans Pro-Thin.otf in Resources */,
				47B418022BF7544900F449A7 /* KulimPark-ExtraLightItalic.ttf in Resources */,
				47B4180B2BF7544900F449A7 /* KulimPark-SemiBoldItalic.ttf in Resources */,
				47B417982BF742A000F449A7 /* Localizable.strings in Resources */,
				47B4177C2BF742A000F449A7 /* Colors.xcassets in Resources */,
				47B418052BF7544900F449A7 /* KulimPark-Italic.ttf in Resources */,
				47B418062BF7544900F449A7 /* OFL.txt in Resources */,
				47B4180C2BF7544900F449A7 /* KulimPark-SemiBold.ttf in Resources */,
				47B417412BF73CAC00F449A7 /* LaunchScreen.storyboard in Resources */,
				47B4177A2BF742A000F449A7 /* Images.xcassets in Resources */,
				47B418032BF7544900F449A7 /* KulimPark-BoldItalic.ttf in Resources */,
				47B418082BF7544900F449A7 /* KulimPark-LightItalic.ttf in Resources */,
				47B418072BF7544900F449A7 /* KulimPark-ExtraLight.ttf in Resources */,
				47B4173E2BF73CAC00F449A7 /* Assets.xcassets in Resources */,
				47B417F32BF745EF00F449A7 /* swiftgen.yml in Resources */,
			);
			runOnlyForDeploymentPostprocessing = 0;
		};
/* End PBXResourcesBuildPhase section */

/* Begin PBXShellScriptBuildPhase section */
		47B417F12BF7455C00F449A7 /* SwiftGen */ = {
			isa = PBXShellScriptBuildPhase;
			alwaysOutOfDate = 1;
			buildActionMask = 2147483647;
			files = (
			);
			inputFileListPaths = (
			);
			inputPaths = (
			);
			name = SwiftGen;
			outputFileListPaths = (
			);
			outputPaths = (
			);
			runOnlyForDeploymentPostprocessing = 0;
			shellPath = /bin/sh;
			shellScript = "if which swiftgen >/dev/null; then\n  swiftgen config run --config ${PROJECT_DIR}/swiftgen.yml\nelse\n  echo \"warning: SwiftGen not installed, download it from https://github.com/SwiftGen/SwiftGen\"\nfi\n\n";
		};
/* End PBXShellScriptBuildPhase section */

/* Begin PBXSourcesBuildPhase section */
		47B4172D2BF73CAB00F449A7 /* Sources */ = {
			isa = PBXSourcesBuildPhase;
			buildActionMask = 2147483647;
			files = (
				47B4174C2BF741F400F449A7 /* ViewController.swift in Sources */,
				47B418242BF77ABC00F449A7 /* ContentViewModel.swift in Sources */,
				47B417352BF73CAB00F449A7 /* AppDelegate.swift in Sources */,
				47B418152BF767C000F449A7 /* BackgroundGradientView.swift in Sources */,
				47B4181D2BF76FFB00F449A7 /* Strings.generated.swift in Sources */,
				47B418192BF76FE500F449A7 /* Images.generated.swift in Sources */,
				47B418222BF771BA00F449A7 /* LoaderView.swift in Sources */,
				47B4174D2BF741F400F449A7 /* ContentView.swift in Sources */,
				47B418122BF7656D00F449A7 /* PreloaderViewModel.swift in Sources */,
				47B4174B2BF741F400F449A7 /* SceneDelegate.swift in Sources */,
				47B418102BF7653A00F449A7 /* PreloaderView.swift in Sources */,
				47B4181B2BF76FF100F449A7 /* Colors.generated.swift in Sources */,
				47B418172BF76FDA00F449A7 /* Fonts.generated.swift in Sources */,
			);
			runOnlyForDeploymentPostprocessing = 0;
		};
/* End PBXSourcesBuildPhase section */

/* Begin PBXVariantGroup section */
		47B4173F2BF73CAC00F449A7 /* LaunchScreen.storyboard */ = {
			isa = PBXVariantGroup;
			children = (
				47B417402BF73CAC00F449A7 /* Base */,
			);
			name = LaunchScreen.storyboard;
			sourceTree = "<group>";
		};
/* End PBXVariantGroup section */

/* Begin XCBuildConfiguration section */
		47B417432BF73CAC00F449A7 /* Debug */ = {
			isa = XCBuildConfiguration;
			buildSettings = {
				ALWAYS_SEARCH_USER_PATHS = NO;
				ASSETCATALOG_COMPILER_GENERATE_SWIFT_ASSET_SYMBOL_EXTENSIONS = YES;
				CLANG_ANALYZER_NONNULL = YES;
				CLANG_ANALYZER_NUMBER_OBJECT_CONVERSION = YES_AGGRESSIVE;
				CLANG_CXX_LANGUAGE_STANDARD = "gnu++20";
				CLANG_ENABLE_MODULES = YES;
				CLANG_ENABLE_OBJC_ARC = YES;
				CLANG_ENABLE_OBJC_WEAK = YES;
				CLANG_WARN_BLOCK_CAPTURE_AUTORELEASING = YES;
				CLANG_WARN_BOOL_CONVERSION = YES;
				CLANG_WARN_COMMA = YES;
				CLANG_WARN_CONSTANT_CONVERSION = YES;
				CLANG_WARN_DEPRECATED_OBJC_IMPLEMENTATIONS = YES;
				CLANG_WARN_DIRECT_OBJC_ISA_USAGE = YES_ERROR;
				CLANG_WARN_DOCUMENTATION_COMMENTS = YES;
				CLANG_WARN_EMPTY_BODY = YES;
				CLANG_WARN_ENUM_CONVERSION = YES;
				CLANG_WARN_INFINITE_RECURSION = YES;
				CLANG_WARN_INT_CONVERSION = YES;
				CLANG_WARN_NON_LITERAL_NULL_CONVERSION = YES;
				CLANG_WARN_OBJC_IMPLICIT_RETAIN_SELF = YES;
				CLANG_WARN_OBJC_LITERAL_CONVERSION = YES;
				CLANG_WARN_OBJC_ROOT_CLASS = YES_ERROR;
				CLANG_WARN_QUOTED_INCLUDE_IN_FRAMEWORK_HEADER = YES;
				CLANG_WARN_RANGE_LOOP_ANALYSIS = YES;
				CLANG_WARN_STRICT_PROTOTYPES = YES;
				CLANG_WARN_SUSPICIOUS_MOVE = YES;
				CLANG_WARN_UNGUARDED_AVAILABILITY = YES_AGGRESSIVE;
				CLANG_WARN_UNREACHABLE_CODE = YES;
				CLANG_WARN__DUPLICATE_METHOD_MATCH = YES;
				COPY_PHASE_STRIP = NO;
				DEBUG_INFORMATION_FORMAT = dwarf;
				ENABLE_STRICT_OBJC_MSGSEND = YES;
				ENABLE_TESTABILITY = YES;
				ENABLE_USER_SCRIPT_SANDBOXING = NO;
				GCC_C_LANGUAGE_STANDARD = gnu17;
				GCC_DYNAMIC_NO_PIC = NO;
				GCC_NO_COMMON_BLOCKS = YES;
				GCC_OPTIMIZATION_LEVEL = 0;
				GCC_PREPROCESSOR_DEFINITIONS = (
					"DEBUG=1",
					"$(inherited)",
				);
				GCC_WARN_64_TO_32_BIT_CONVERSION = YES;
				GCC_WARN_ABOUT_RETURN_TYPE = YES_ERROR;
				GCC_WARN_UNDECLARED_SELECTOR = YES;
				GCC_WARN_UNINITIALIZED_AUTOS = YES_AGGRESSIVE;
				GCC_WARN_UNUSED_FUNCTION = YES;
				GCC_WARN_UNUSED_VARIABLE = YES;
				IPHONEOS_DEPLOYMENT_TARGET = 16.0;
				LOCALIZATION_PREFERS_STRING_CATALOGS = YES;
				MTL_ENABLE_DEBUG_INFO = INCLUDE_SOURCE;
				MTL_FAST_MATH = YES;
				ONLY_ACTIVE_ARCH = YES;
				SDKROOT = iphoneos;
				SWIFT_ACTIVE_COMPILATION_CONDITIONS = "DEBUG $(inherited)";
				SWIFT_OPTIMIZATION_LEVEL = "-Onone";
			};
			name = Debug;
		};
		47B417442BF73CAC00F449A7 /* Release */ = {
			isa = XCBuildConfiguration;
			buildSettings = {
				ALWAYS_SEARCH_USER_PATHS = NO;
				ASSETCATALOG_COMPILER_GENERATE_SWIFT_ASSET_SYMBOL_EXTENSIONS = YES;
				CLANG_ANALYZER_NONNULL = YES;
				CLANG_ANALYZER_NUMBER_OBJECT_CONVERSION = YES_AGGRESSIVE;
				CLANG_CXX_LANGUAGE_STANDARD = "gnu++20";
				CLANG_ENABLE_MODULES = YES;
				CLANG_ENABLE_OBJC_ARC = YES;
				CLANG_ENABLE_OBJC_WEAK = YES;
				CLANG_WARN_BLOCK_CAPTURE_AUTORELEASING = YES;
				CLANG_WARN_BOOL_CONVERSION = YES;
				CLANG_WARN_COMMA = YES;
				CLANG_WARN_CONSTANT_CONVERSION = YES;
				CLANG_WARN_DEPRECATED_OBJC_IMPLEMENTATIONS = YES;
				CLANG_WARN_DIRECT_OBJC_ISA_USAGE = YES_ERROR;
				CLANG_WARN_DOCUMENTATION_COMMENTS = YES;
				CLANG_WARN_EMPTY_BODY = YES;
				CLANG_WARN_ENUM_CONVERSION = YES;
				CLANG_WARN_INFINITE_RECURSION = YES;
				CLANG_WARN_INT_CONVERSION = YES;
				CLANG_WARN_NON_LITERAL_NULL_CONVERSION = YES;
				CLANG_WARN_OBJC_IMPLICIT_RETAIN_SELF = YES;
				CLANG_WARN_OBJC_LITERAL_CONVERSION = YES;
				CLANG_WARN_OBJC_ROOT_CLASS = YES_ERROR;
				CLANG_WARN_QUOTED_INCLUDE_IN_FRAMEWORK_HEADER = YES;
				CLANG_WARN_RANGE_LOOP_ANALYSIS = YES;
				CLANG_WARN_STRICT_PROTOTYPES = YES;
				CLANG_WARN_SUSPICIOUS_MOVE = YES;
				CLANG_WARN_UNGUARDED_AVAILABILITY = YES_AGGRESSIVE;
				CLANG_WARN_UNREACHABLE_CODE = YES;
				CLANG_WARN__DUPLICATE_METHOD_MATCH = YES;
				COPY_PHASE_STRIP = NO;
				DEBUG_INFORMATION_FORMAT = "dwarf-with-dsym";
				ENABLE_NS_ASSERTIONS = NO;
				ENABLE_STRICT_OBJC_MSGSEND = YES;
				ENABLE_USER_SCRIPT_SANDBOXING = NO;
				GCC_C_LANGUAGE_STANDARD = gnu17;
				GCC_NO_COMMON_BLOCKS = YES;
				GCC_WARN_64_TO_32_BIT_CONVERSION = YES;
				GCC_WARN_ABOUT_RETURN_TYPE = YES_ERROR;
				GCC_WARN_UNDECLARED_SELECTOR = YES;
				GCC_WARN_UNINITIALIZED_AUTOS = YES_AGGRESSIVE;
				GCC_WARN_UNUSED_FUNCTION = YES;
				GCC_WARN_UNUSED_VARIABLE = YES;
				IPHONEOS_DEPLOYMENT_TARGET = 16.0;
				LOCALIZATION_PREFERS_STRING_CATALOGS = YES;
				MTL_ENABLE_DEBUG_INFO = NO;
				MTL_FAST_MATH = YES;
				SDKROOT = iphoneos;
				SWIFT_COMPILATION_MODE = wholemodule;
				VALIDATE_PRODUCT = YES;
			};
			name = Release;
		};
		47B417462BF73CAC00F449A7 /* Debug */ = {
			isa = XCBuildConfiguration;
			buildSettings = {
				ASSETCATALOG_COMPILER_APPICON_NAME = AppIcon;
				ASSETCATALOG_COMPILER_GLOBAL_ACCENT_COLOR_NAME = AccentColor;
				CODE_SIGN_STYLE = Automatic;
				CURRENT_PROJECT_VERSION = 1;
				DEVELOPMENT_TEAM = AQV6DH83XK;
				GENERATE_INFOPLIST_FILE = YES;
				INFOPLIST_FILE = TesemillerX/Info.plist;
				INFOPLIST_KEY_UIApplicationSupportsIndirectInputEvents = YES;
				INFOPLIST_KEY_UILaunchStoryboardName = LaunchScreen;
				INFOPLIST_KEY_UISupportedInterfaceOrientations = UIInterfaceOrientationPortrait;
				INFOPLIST_KEY_UISupportedInterfaceOrientations_iPad = "UIInterfaceOrientationLandscapeLeft UIInterfaceOrientationLandscapeRight UIInterfaceOrientationPortrait UIInterfaceOrientationPortraitUpsideDown";
				IPHONEOS_DEPLOYMENT_TARGET = 16.0;
				LD_RUNPATH_SEARCH_PATHS = (
					"$(inherited)",
					"@executable_path/Frameworks",
				);
				MARKETING_VERSION = 1.0;
				PRODUCT_BUNDLE_IDENTIFIER = com.application.TesemillerX;
				PRODUCT_NAME = "$(TARGET_NAME)";
				SUPPORTED_PLATFORMS = "iphoneos iphonesimulator";
				SUPPORTS_MACCATALYST = NO;
				SUPPORTS_MAC_DESIGNED_FOR_IPHONE_IPAD = NO;
				SUPPORTS_XR_DESIGNED_FOR_IPHONE_IPAD = NO;
				SWIFT_EMIT_LOC_STRINGS = YES;
				SWIFT_VERSION = 5.0;
				TARGETED_DEVICE_FAMILY = 1;
			};
			name = Debug;
		};
		47B417472BF73CAC00F449A7 /* Release */ = {
			isa = XCBuildConfiguration;
			buildSettings = {
				ASSETCATALOG_COMPILER_APPICON_NAME = AppIcon;
				ASSETCATALOG_COMPILER_GLOBAL_ACCENT_COLOR_NAME = AccentColor;
				CODE_SIGN_STYLE = Automatic;
				CURRENT_PROJECT_VERSION = 1;
				DEVELOPMENT_TEAM = AQV6DH83XK;
				GENERATE_INFOPLIST_FILE = YES;
				INFOPLIST_FILE = TesemillerX/Info.plist;
				INFOPLIST_KEY_UIApplicationSupportsIndirectInputEvents = YES;
				INFOPLIST_KEY_UILaunchStoryboardName = LaunchScreen;
				INFOPLIST_KEY_UISupportedInterfaceOrientations = UIInterfaceOrientationPortrait;
				INFOPLIST_KEY_UISupportedInterfaceOrientations_iPad = "UIInterfaceOrientationLandscapeLeft UIInterfaceOrientationLandscapeRight UIInterfaceOrientationPortrait UIInterfaceOrientationPortraitUpsideDown";
				IPHONEOS_DEPLOYMENT_TARGET = 16.0;
				LD_RUNPATH_SEARCH_PATHS = (
					"$(inherited)",
					"@executable_path/Frameworks",
				);
				MARKETING_VERSION = 1.0;
				PRODUCT_BUNDLE_IDENTIFIER = com.application.TesemillerX;
				PRODUCT_NAME = "$(TARGET_NAME)";
				SUPPORTED_PLATFORMS = "iphoneos iphonesimulator";
				SUPPORTS_MACCATALYST = NO;
				SUPPORTS_MAC_DESIGNED_FOR_IPHONE_IPAD = NO;
				SUPPORTS_XR_DESIGNED_FOR_IPHONE_IPAD = NO;
				SWIFT_EMIT_LOC_STRINGS = YES;
				SWIFT_VERSION = 5.0;
				TARGETED_DEVICE_FAMILY = 1;
			};
			name = Release;
		};
/* End XCBuildConfiguration section */

/* Begin XCConfigurationList section */
		47B4172C2BF73CAB00F449A7 /* Build configuration list for PBXProject "TesemillerX" */ = {
			isa = XCConfigurationList;
			buildConfigurations = (
				47B417432BF73CAC00F449A7 /* Debug */,
				47B417442BF73CAC00F449A7 /* Release */,
			);
			defaultConfigurationIsVisible = 0;
			defaultConfigurationName = Release;
		};
		47B417452BF73CAC00F449A7 /* Build configuration list for PBXNativeTarget "TesemillerX" */ = {
			isa = XCConfigurationList;
			buildConfigurations = (
				47B417462BF73CAC00F449A7 /* Debug */,
				47B417472BF73CAC00F449A7 /* Release */,
			);
			defaultConfigurationIsVisible = 0;
			defaultConfigurationName = Release;
		};
/* End XCConfigurationList section */
	};
	rootObject = 47B417292BF73CAB00F449A7 /* Project object */;
}
